// !$*UTF8*$!
{
	archiveVersion = 1;
	classes = {
	};
	objectVersion = 56;
	objects = {

/* Begin PBXBuildFile section */
		123BC4FE2C06120000B6BB20 /* StorageView.swift in Sources */ = {isa = PBXBuildFile; fileRef = 123BC4FD2C06120000B6BB20 /* StorageView.swift */; };
		12436E032C08D05D0094A988 /* ContentViewController.swift in Sources */ = {isa = PBXBuildFile; fileRef = 12436E022C08D05D0094A988 /* ContentViewController.swift */; };
		12436E052C08D53F0094A988 /* FirebaseManager.swift in Sources */ = {isa = PBXBuildFile; fileRef = 12436E042C08D53F0094A988 /* FirebaseManager.swift */; };
		129CADF62C06030000DC3F5C /* GoogleService-Info.plist in Resources */ = {isa = PBXBuildFile; fileRef = 129CADF52C06030000DC3F5C /* GoogleService-Info.plist */; };
		12CBFCB32C052540008C0904 /* AppDelegate.swift in Sources */ = {isa = PBXBuildFile; fileRef = 12CBFCB22C052540008C0904 /* AppDelegate.swift */; };
		12CBFCB52C052540008C0904 /* SceneDelegate.swift in Sources */ = {isa = PBXBuildFile; fileRef = 12CBFCB42C052540008C0904 /* SceneDelegate.swift */; };
		12CBFCB72C052540008C0904 /* StorageViewController.swift in Sources */ = {isa = PBXBuildFile; fileRef = 12CBFCB62C052540008C0904 /* StorageViewController.swift */; };
		12CBFCBC2C052541008C0904 /* Assets.xcassets in Resources */ = {isa = PBXBuildFile; fileRef = 12CBFCBB2C052541008C0904 /* Assets.xcassets */; };
		12CBFCBF2C052541008C0904 /* Base in Resources */ = {isa = PBXBuildFile; fileRef = 12CBFCBE2C052541008C0904 /* Base */; };
		12CDC11D2C0A52A400140AB0 /* FileType.swift in Sources */ = {isa = PBXBuildFile; fileRef = 12CDC11C2C0A52A400140AB0 /* FileType.swift */; };
		830AC00D659D998704DA1E1F /* Pods_Storage.framework in Frameworks */ = {isa = PBXBuildFile; fileRef = 52D30FFF0577C314F218FA2A /* Pods_Storage.framework */; };
/* End PBXBuildFile section */

/* Begin PBXFileReference section */
		123BC4FD2C06120000B6BB20 /* StorageView.swift */ = {isa = PBXFileReference; lastKnownFileType = sourcecode.swift; path = StorageView.swift; sourceTree = "<group>"; };
		12436E022C08D05D0094A988 /* ContentViewController.swift */ = {isa = PBXFileReference; lastKnownFileType = sourcecode.swift; path = ContentViewController.swift; sourceTree = "<group>"; };
		12436E042C08D53F0094A988 /* FirebaseManager.swift */ = {isa = PBXFileReference; lastKnownFileType = sourcecode.swift; path = FirebaseManager.swift; sourceTree = "<group>"; };
		129CADF52C06030000DC3F5C /* GoogleService-Info.plist */ = {isa = PBXFileReference; fileEncoding = 4; lastKnownFileType = text.plist.xml; name = "GoogleService-Info.plist"; path = "../../../Downloads/GoogleService-Info.plist"; sourceTree = "<group>"; };
		12CBFCAF2C052540008C0904 /* Storage.app */ = {isa = PBXFileReference; explicitFileType = wrapper.application; includeInIndex = 0; path = Storage.app; sourceTree = BUILT_PRODUCTS_DIR; };
		12CBFCB22C052540008C0904 /* AppDelegate.swift */ = {isa = PBXFileReference; lastKnownFileType = sourcecode.swift; path = AppDelegate.swift; sourceTree = "<group>"; };
		12CBFCB42C052540008C0904 /* SceneDelegate.swift */ = {isa = PBXFileReference; lastKnownFileType = sourcecode.swift; path = SceneDelegate.swift; sourceTree = "<group>"; };
		12CBFCB62C052540008C0904 /* StorageViewController.swift */ = {isa = PBXFileReference; lastKnownFileType = sourcecode.swift; path = StorageViewController.swift; sourceTree = "<group>"; };
		12CBFCBB2C052541008C0904 /* Assets.xcassets */ = {isa = PBXFileReference; lastKnownFileType = folder.assetcatalog; path = Assets.xcassets; sourceTree = "<group>"; };
		12CBFCBE2C052541008C0904 /* Base */ = {isa = PBXFileReference; lastKnownFileType = file.storyboard; name = Base; path = Base.lproj/LaunchScreen.storyboard; sourceTree = "<group>"; };
		12CBFCC02C052541008C0904 /* Info.plist */ = {isa = PBXFileReference; lastKnownFileType = text.plist.xml; path = Info.plist; sourceTree = "<group>"; };
		12CDC11C2C0A52A400140AB0 /* FileType.swift */ = {isa = PBXFileReference; lastKnownFileType = sourcecode.swift; path = FileType.swift; sourceTree = "<group>"; };
		27D99FB8D72181DCF1397607 /* Pods-Storage.release.xcconfig */ = {isa = PBXFileReference; includeInIndex = 1; lastKnownFileType = text.xcconfig; name = "Pods-Storage.release.xcconfig"; path = "Target Support Files/Pods-Storage/Pods-Storage.release.xcconfig"; sourceTree = "<group>"; };
		52D30FFF0577C314F218FA2A /* Pods_Storage.framework */ = {isa = PBXFileReference; explicitFileType = wrapper.framework; includeInIndex = 0; path = Pods_Storage.framework; sourceTree = BUILT_PRODUCTS_DIR; };
		FFD9AAD12B1851CC54601B8F /* Pods-Storage.debug.xcconfig */ = {isa = PBXFileReference; includeInIndex = 1; lastKnownFileType = text.xcconfig; name = "Pods-Storage.debug.xcconfig"; path = "Target Support Files/Pods-Storage/Pods-Storage.debug.xcconfig"; sourceTree = "<group>"; };
/* End PBXFileReference section */

/* Begin PBXFrameworksBuildPhase section */
		12CBFCAC2C052540008C0904 /* Frameworks */ = {
			isa = PBXFrameworksBuildPhase;
			buildActionMask = 2147483647;
			files = (
				830AC00D659D998704DA1E1F /* Pods_Storage.framework in Frameworks */,
			);
			runOnlyForDeploymentPostprocessing = 0;
		};
/* End PBXFrameworksBuildPhase section */

/* Begin PBXGroup section */
		123BC4FC2C0611F000B6BB20 /* View */ = {
			isa = PBXGroup;
			children = (
				123BC4FD2C06120000B6BB20 /* StorageView.swift */,
			);
			path = View;
			sourceTree = "<group>";
		};
		12436E062C08E3EC0094A988 /* Manager */ = {
			isa = PBXGroup;
			children = (
				12436E042C08D53F0094A988 /* FirebaseManager.swift */,
			);
			path = Manager;
			sourceTree = "<group>";
		};
		12436E072C08E4000094A988 /* StorageModule */ = {
			isa = PBXGroup;
			children = (
				123BC4FC2C0611F000B6BB20 /* View */,
				12436E082C08E4130094A988 /* ViewController */,
			);
			path = StorageModule;
			sourceTree = "<group>";
		};
		12436E082C08E4130094A988 /* ViewController */ = {
			isa = PBXGroup;
			children = (
				12CBFCB62C052540008C0904 /* StorageViewController.swift */,
			);
			path = ViewController;
			sourceTree = "<group>";
		};
		12436E092C08E42B0094A988 /* ContentModule */ = {
			isa = PBXGroup;
			children = (
				12436E0A2C08E4390094A988 /* ViewController */,
			);
			path = ContentModule;
			sourceTree = "<group>";
		};
		12436E0A2C08E4390094A988 /* ViewController */ = {
			isa = PBXGroup;
			children = (
				12436E022C08D05D0094A988 /* ContentViewController.swift */,
			);
			path = ViewController;
			sourceTree = "<group>";
		};
		12CBFCA62C052540008C0904 = {
			isa = PBXGroup;
			children = (
				12CBFCB12C052540008C0904 /* Storage */,
				12CBFCB02C052540008C0904 /* Products */,
				2170825EEFB2323DF4DEF851 /* Pods */,
				250FF3FCF9A1568CC07EDFA3 /* Frameworks */,
			);
			sourceTree = "<group>";
		};
		12CBFCB02C052540008C0904 /* Products */ = {
			isa = PBXGroup;
			children = (
				12CBFCAF2C052540008C0904 /* Storage.app */,
			);
			name = Products;
			sourceTree = "<group>";
		};
		12CBFCB12C052540008C0904 /* Storage */ = {
			isa = PBXGroup;
			children = (
				129CADF52C06030000DC3F5C /* GoogleService-Info.plist */,
				12CBFCC72C05290A008C0904 /* Application */,
				12436E062C08E3EC0094A988 /* Manager */,
				12CDC11B2C0A529200140AB0 /* Model */,
				12436E072C08E4000094A988 /* StorageModule */,
				12436E092C08E42B0094A988 /* ContentModule */,
				12CBFCC62C052837008C0904 /* Resurces */,
			);
			path = Storage;
			sourceTree = "<group>";
		};
		12CBFCC62C052837008C0904 /* Resurces */ = {
			isa = PBXGroup;
			children = (
				12CBFCBB2C052541008C0904 /* Assets.xcassets */,
				12CBFCBD2C052541008C0904 /* LaunchScreen.storyboard */,
				12CBFCC02C052541008C0904 /* Info.plist */,
			);
			path = Resurces;
			sourceTree = "<group>";
		};
		12CBFCC72C05290A008C0904 /* Application */ = {
			isa = PBXGroup;
			children = (
				12CBFCB22C052540008C0904 /* AppDelegate.swift */,
				12CBFCB42C052540008C0904 /* SceneDelegate.swift */,
			);
			path = Application;
			sourceTree = "<group>";
		};
		12CDC11B2C0A529200140AB0 /* Model */ = {
			isa = PBXGroup;
			children = (
				12CDC11C2C0A52A400140AB0 /* FileType.swift */,
			);
			path = Model;
			sourceTree = "<group>";
		};
		2170825EEFB2323DF4DEF851 /* Pods */ = {
			isa = PBXGroup;
			children = (
				FFD9AAD12B1851CC54601B8F /* Pods-Storage.debug.xcconfig */,
				27D99FB8D72181DCF1397607 /* Pods-Storage.release.xcconfig */,
			);
			path = Pods;
			sourceTree = "<group>";
		};
		250FF3FCF9A1568CC07EDFA3 /* Frameworks */ = {
			isa = PBXGroup;
			children = (
				52D30FFF0577C314F218FA2A /* Pods_Storage.framework */,
			);
			name = Frameworks;
			sourceTree = "<group>";
		};
/* End PBXGroup section */

/* Begin PBXNativeTarget section */
		12CBFCAE2C052540008C0904 /* Storage */ = {
			isa = PBXNativeTarget;
			buildConfigurationList = 12CBFCC32C052541008C0904 /* Build configuration list for PBXNativeTarget "Storage" */;
			buildPhases = (
				CE8B4A0241B5D07E3920D5FF /* [CP] Check Pods Manifest.lock */,
				12CBFCAB2C052540008C0904 /* Sources */,
				12CBFCAC2C052540008C0904 /* Frameworks */,
				12CBFCAD2C052540008C0904 /* Resources */,
				E1011FF21DAFAEF7751FB396 /* [CP] Embed Pods Frameworks */,
			);
			buildRules = (
			);
			dependencies = (
			);
			name = Storage;
			productName = Storage;
			productReference = 12CBFCAF2C052540008C0904 /* Storage.app */;
			productType = "com.apple.product-type.application";
		};
/* End PBXNativeTarget section */

/* Begin PBXProject section */
		12CBFCA72C052540008C0904 /* Project object */ = {
			isa = PBXProject;
			attributes = {
				BuildIndependentTargetsInParallel = 1;
				LastSwiftUpdateCheck = 1530;
				LastUpgradeCheck = 1530;
				TargetAttributes = {
					12CBFCAE2C052540008C0904 = {
						CreatedOnToolsVersion = 15.3;
					};
				};
			};
			buildConfigurationList = 12CBFCAA2C052540008C0904 /* Build configuration list for PBXProject "Storage" */;
			compatibilityVersion = "Xcode 14.0";
			developmentRegion = en;
			hasScannedForEncodings = 0;
			knownRegions = (
				en,
				Base,
			);
			mainGroup = 12CBFCA62C052540008C0904;
			productRefGroup = 12CBFCB02C052540008C0904 /* Products */;
			projectDirPath = "";
			projectRoot = "";
			targets = (
				12CBFCAE2C052540008C0904 /* Storage */,
			);
		};
/* End PBXProject section */

/* Begin PBXResourcesBuildPhase section */
		12CBFCAD2C052540008C0904 /* Resources */ = {
			isa = PBXResourcesBuildPhase;
			buildActionMask = 2147483647;
			files = (
				12CBFCBC2C052541008C0904 /* Assets.xcassets in Resources */,
				12CBFCBF2C052541008C0904 /* Base in Resources */,
				129CADF62C06030000DC3F5C /* GoogleService-Info.plist in Resources */,
			);
			runOnlyForDeploymentPostprocessing = 0;
		};
/* End PBXResourcesBuildPhase section */

/* Begin PBXShellScriptBuildPhase section */
		CE8B4A0241B5D07E3920D5FF /* [CP] Check Pods Manifest.lock */ = {
			isa = PBXShellScriptBuildPhase;
			buildActionMask = 2147483647;
			files = (
			);
			inputFileListPaths = (
			);
			inputPaths = (
				"${PODS_PODFILE_DIR_PATH}/Podfile.lock",
				"${PODS_ROOT}/Manifest.lock",
			);
			name = "[CP] Check Pods Manifest.lock";
			outputFileListPaths = (
			);
			outputPaths = (
				"$(DERIVED_FILE_DIR)/Pods-Storage-checkManifestLockResult.txt",
			);
			runOnlyForDeploymentPostprocessing = 0;
			shellPath = /bin/sh;
			shellScript = "diff \"${PODS_PODFILE_DIR_PATH}/Podfile.lock\" \"${PODS_ROOT}/Manifest.lock\" > /dev/null\nif [ $? != 0 ] ; then\n    # print error to STDERR\n    echo \"error: The sandbox is not in sync with the Podfile.lock. Run 'pod install' or update your CocoaPods installation.\" >&2\n    exit 1\nfi\n# This output is used by Xcode 'outputs' to avoid re-running this script phase.\necho \"SUCCESS\" > \"${SCRIPT_OUTPUT_FILE_0}\"\n";
			showEnvVarsInLog = 0;
		};
		E1011FF21DAFAEF7751FB396 /* [CP] Embed Pods Frameworks */ = {
			isa = PBXShellScriptBuildPhase;
			buildActionMask = 2147483647;
			files = (
			);
			inputFileListPaths = (
				"${PODS_ROOT}/Target Support Files/Pods-Storage/Pods-Storage-frameworks-${CONFIGURATION}-input-files.xcfilelist",
			);
			name = "[CP] Embed Pods Frameworks";
			outputFileListPaths = (
				"${PODS_ROOT}/Target Support Files/Pods-Storage/Pods-Storage-frameworks-${CONFIGURATION}-output-files.xcfilelist",
			);
			runOnlyForDeploymentPostprocessing = 0;
			shellPath = /bin/sh;
			shellScript = "\"${PODS_ROOT}/Target Support Files/Pods-Storage/Pods-Storage-frameworks.sh\"\n";
			showEnvVarsInLog = 0;
		};
/* End PBXShellScriptBuildPhase section */

/* Begin PBXSourcesBuildPhase section */
		12CBFCAB2C052540008C0904 /* Sources */ = {
			isa = PBXSourcesBuildPhase;
			buildActionMask = 2147483647;
			files = (
				12CDC11D2C0A52A400140AB0 /* FileType.swift in Sources */,
				12436E032C08D05D0094A988 /* ContentViewController.swift in Sources */,
				123BC4FE2C06120000B6BB20 /* StorageView.swift in Sources */,
				12CBFCB72C052540008C0904 /* StorageViewController.swift in Sources */,
				12436E052C08D53F0094A988 /* FirebaseManager.swift in Sources */,
				12CBFCB32C052540008C0904 /* AppDelegate.swift in Sources */,
				12CBFCB52C052540008C0904 /* SceneDelegate.swift in Sources */,
			);
			runOnlyForDeploymentPostprocessing = 0;
		};
/* End PBXSourcesBuildPhase section */

/* Begin PBXVariantGroup section */
		12CBFCBD2C052541008C0904 /* LaunchScreen.storyboard */ = {
			isa = PBXVariantGroup;
			children = (
				12CBFCBE2C052541008C0904 /* Base */,
			);
			name = LaunchScreen.storyboard;
			sourceTree = "<group>";
		};
/* End PBXVariantGroup section */

/* Begin XCBuildConfiguration section */
		12CBFCC12C052541008C0904 /* Debug */ = {
			isa = XCBuildConfiguration;
			buildSettings = {
				ALWAYS_SEARCH_USER_PATHS = NO;
				ASSETCATALOG_COMPILER_GENERATE_SWIFT_ASSET_SYMBOL_EXTENSIONS = YES;
				CLANG_ANALYZER_NONNULL = YES;
				CLANG_ANALYZER_NUMBER_OBJECT_CONVERSION = YES_AGGRESSIVE;
				CLANG_CXX_LANGUAGE_STANDARD = "gnu++20";
				CLANG_ENABLE_MODULES = YES;
				CLANG_ENABLE_OBJC_ARC = YES;
				CLANG_ENABLE_OBJC_WEAK = YES;
				CLANG_WARN_BLOCK_CAPTURE_AUTORELEASING = YES;
				CLANG_WARN_BOOL_CONVERSION = YES;
				CLANG_WARN_COMMA = YES;
				CLANG_WARN_CONSTANT_CONVERSION = YES;
				CLANG_WARN_DEPRECATED_OBJC_IMPLEMENTATIONS = YES;
				CLANG_WARN_DIRECT_OBJC_ISA_USAGE = YES_ERROR;
				CLANG_WARN_DOCUMENTATION_COMMENTS = YES;
				CLANG_WARN_EMPTY_BODY = YES;
				CLANG_WARN_ENUM_CONVERSION = YES;
				CLANG_WARN_INFINITE_RECURSION = YES;
				CLANG_WARN_INT_CONVERSION = YES;
				CLANG_WARN_NON_LITERAL_NULL_CONVERSION = YES;
				CLANG_WARN_OBJC_IMPLICIT_RETAIN_SELF = YES;
				CLANG_WARN_OBJC_LITERAL_CONVERSION = YES;
				CLANG_WARN_OBJC_ROOT_CLASS = YES_ERROR;
				CLANG_WARN_QUOTED_INCLUDE_IN_FRAMEWORK_HEADER = YES;
				CLANG_WARN_RANGE_LOOP_ANALYSIS = YES;
				CLANG_WARN_STRICT_PROTOTYPES = YES;
				CLANG_WARN_SUSPICIOUS_MOVE = YES;
				CLANG_WARN_UNGUARDED_AVAILABILITY = YES_AGGRESSIVE;
				CLANG_WARN_UNREACHABLE_CODE = YES;
				CLANG_WARN__DUPLICATE_METHOD_MATCH = YES;
				COPY_PHASE_STRIP = NO;
				DEBUG_INFORMATION_FORMAT = dwarf;
				ENABLE_STRICT_OBJC_MSGSEND = YES;
				ENABLE_TESTABILITY = YES;
				ENABLE_USER_SCRIPT_SANDBOXING = YES;
				GCC_C_LANGUAGE_STANDARD = gnu17;
				GCC_DYNAMIC_NO_PIC = NO;
				GCC_NO_COMMON_BLOCKS = YES;
				GCC_OPTIMIZATION_LEVEL = 0;
				GCC_PREPROCESSOR_DEFINITIONS = (
					"DEBUG=1",
					"$(inherited)",
				);
				GCC_WARN_64_TO_32_BIT_CONVERSION = YES;
				GCC_WARN_ABOUT_RETURN_TYPE = YES_ERROR;
				GCC_WARN_UNDECLARED_SELECTOR = YES;
				GCC_WARN_UNINITIALIZED_AUTOS = YES_AGGRESSIVE;
				GCC_WARN_UNUSED_FUNCTION = YES;
				GCC_WARN_UNUSED_VARIABLE = YES;
				IPHONEOS_DEPLOYMENT_TARGET = 17.4;
				LOCALIZATION_PREFERS_STRING_CATALOGS = YES;
				MTL_ENABLE_DEBUG_INFO = INCLUDE_SOURCE;
				MTL_FAST_MATH = YES;
				ONLY_ACTIVE_ARCH = YES;
				SDKROOT = iphoneos;
				SWIFT_ACTIVE_COMPILATION_CONDITIONS = "DEBUG $(inherited)";
				SWIFT_OPTIMIZATION_LEVEL = "-Onone";
			};
			name = Debug;
		};
		12CBFCC22C052541008C0904 /* Release */ = {
			isa = XCBuildConfiguration;
			buildSettings = {
				ALWAYS_SEARCH_USER_PATHS = NO;
				ASSETCATALOG_COMPILER_GENERATE_SWIFT_ASSET_SYMBOL_EXTENSIONS = YES;
				CLANG_ANALYZER_NONNULL = YES;
				CLANG_ANALYZER_NUMBER_OBJECT_CONVERSION = YES_AGGRESSIVE;
				CLANG_CXX_LANGUAGE_STANDARD = "gnu++20";
				CLANG_ENABLE_MODULES = YES;
				CLANG_ENABLE_OBJC_ARC = YES;
				CLANG_ENABLE_OBJC_WEAK = YES;
				CLANG_WARN_BLOCK_CAPTURE_AUTORELEASING = YES;
				CLANG_WARN_BOOL_CONVERSION = YES;
				CLANG_WARN_COMMA = YES;
				CLANG_WARN_CONSTANT_CONVERSION = YES;
				CLANG_WARN_DEPRECATED_OBJC_IMPLEMENTATIONS = YES;
				CLANG_WARN_DIRECT_OBJC_ISA_USAGE = YES_ERROR;
				CLANG_WARN_DOCUMENTATION_COMMENTS = YES;
				CLANG_WARN_EMPTY_BODY = YES;
				CLANG_WARN_ENUM_CONVERSION = YES;
				CLANG_WARN_INFINITE_RECURSION = YES;
				CLANG_WARN_INT_CONVERSION = YES;
				CLANG_WARN_NON_LITERAL_NULL_CONVERSION = YES;
				CLANG_WARN_OBJC_IMPLICIT_RETAIN_SELF = YES;
				CLANG_WARN_OBJC_LITERAL_CONVERSION = YES;
				CLANG_WARN_OBJC_ROOT_CLASS = YES_ERROR;
				CLANG_WARN_QUOTED_INCLUDE_IN_FRAMEWORK_HEADER = YES;
				CLANG_WARN_RANGE_LOOP_ANALYSIS = YES;
				CLANG_WARN_STRICT_PROTOTYPES = YES;
				CLANG_WARN_SUSPICIOUS_MOVE = YES;
				CLANG_WARN_UNGUARDED_AVAILABILITY = YES_AGGRESSIVE;
				CLANG_WARN_UNREACHABLE_CODE = YES;
				CLANG_WARN__DUPLICATE_METHOD_MATCH = YES;
				COPY_PHASE_STRIP = NO;
				DEBUG_INFORMATION_FORMAT = "dwarf-with-dsym";
				ENABLE_NS_ASSERTIONS = NO;
				ENABLE_STRICT_OBJC_MSGSEND = YES;
				ENABLE_USER_SCRIPT_SANDBOXING = YES;
				GCC_C_LANGUAGE_STANDARD = gnu17;
				GCC_NO_COMMON_BLOCKS = YES;
				GCC_WARN_64_TO_32_BIT_CONVERSION = YES;
				GCC_WARN_ABOUT_RETURN_TYPE = YES_ERROR;
				GCC_WARN_UNDECLARED_SELECTOR = YES;
				GCC_WARN_UNINITIALIZED_AUTOS = YES_AGGRESSIVE;
				GCC_WARN_UNUSED_FUNCTION = YES;
				GCC_WARN_UNUSED_VARIABLE = YES;
				IPHONEOS_DEPLOYMENT_TARGET = 17.4;
				LOCALIZATION_PREFERS_STRING_CATALOGS = YES;
				MTL_ENABLE_DEBUG_INFO = NO;
				MTL_FAST_MATH = YES;
				SDKROOT = iphoneos;
				SWIFT_COMPILATION_MODE = wholemodule;
				VALIDATE_PRODUCT = YES;
			};
			name = Release;
		};
		12CBFCC42C052541008C0904 /* Debug */ = {
			isa = XCBuildConfiguration;
			baseConfigurationReference = FFD9AAD12B1851CC54601B8F /* Pods-Storage.debug.xcconfig */;
			buildSettings = {
				ASSETCATALOG_COMPILER_APPICON_NAME = AppIcon;
				ASSETCATALOG_COMPILER_GLOBAL_ACCENT_COLOR_NAME = AccentColor;
				CODE_SIGN_STYLE = Automatic;
				CURRENT_PROJECT_VERSION = 1;
				DEVELOPMENT_TEAM = UJRW24XH5L;
				ENABLE_USER_SCRIPT_SANDBOXING = NO;
				GENERATE_INFOPLIST_FILE = YES;
				INFOPLIST_FILE = Storage/Resurces/Info.plist;
				INFOPLIST_KEY_UIApplicationSupportsIndirectInputEvents = YES;
				INFOPLIST_KEY_UILaunchStoryboardName = LaunchScreen;
				INFOPLIST_KEY_UISupportedInterfaceOrientations_iPad = "UIInterfaceOrientationPortrait UIInterfaceOrientationPortraitUpsideDown UIInterfaceOrientationLandscapeLeft UIInterfaceOrientationLandscapeRight";
				INFOPLIST_KEY_UISupportedInterfaceOrientations_iPhone = "UIInterfaceOrientationPortrait UIInterfaceOrientationLandscapeLeft UIInterfaceOrientationLandscapeRight";
				LD_RUNPATH_SEARCH_PATHS = (
					"$(inherited)",
					"@executable_path/Frameworks",
				);
				MARKETING_VERSION = 1.0;
				PRODUCT_BUNDLE_IDENTIFIER = com.koddek.Storage;
				PRODUCT_NAME = "$(TARGET_NAME)";
				SUPPORTED_PLATFORMS = "iphoneos iphonesimulator";
				SUPPORTS_MACCATALYST = NO;
				SUPPORTS_MAC_DESIGNED_FOR_IPHONE_IPAD = NO;
				SUPPORTS_XR_DESIGNED_FOR_IPHONE_IPAD = NO;
				SWIFT_EMIT_LOC_STRINGS = YES;
				SWIFT_VERSION = 5.0;
				TARGETED_DEVICE_FAMILY = 1;
			};
			name = Debug;
		};
		12CBFCC52C052541008C0904 /* Release */ = {
			isa = XCBuildConfiguration;
			baseConfigurationReference = 27D99FB8D72181DCF1397607 /* Pods-Storage.release.xcconfig */;
			buildSettings = {
				ASSETCATALOG_COMPILER_APPICON_NAME = AppIcon;
				ASSETCATALOG_COMPILER_GLOBAL_ACCENT_COLOR_NAME = AccentColor;
				CODE_SIGN_STYLE = Automatic;
				CURRENT_PROJECT_VERSION = 1;
				DEVELOPMENT_TEAM = UJRW24XH5L;
				ENABLE_USER_SCRIPT_SANDBOXING = NO;
				GENERATE_INFOPLIST_FILE = YES;
				INFOPLIST_FILE = Storage/Resurces/Info.plist;
				INFOPLIST_KEY_UIApplicationSupportsIndirectInputEvents = YES;
				INFOPLIST_KEY_UILaunchStoryboardName = LaunchScreen;
				INFOPLIST_KEY_UISupportedInterfaceOrientations_iPad = "UIInterfaceOrientationPortrait UIInterfaceOrientationPortraitUpsideDown UIInterfaceOrientationLandscapeLeft UIInterfaceOrientationLandscapeRight";
				INFOPLIST_KEY_UISupportedInterfaceOrientations_iPhone = "UIInterfaceOrientationPortrait UIInterfaceOrientationLandscapeLeft UIInterfaceOrientationLandscapeRight";
				LD_RUNPATH_SEARCH_PATHS = (
					"$(inherited)",
					"@executable_path/Frameworks",
				);
				MARKETING_VERSION = 1.0;
				PRODUCT_BUNDLE_IDENTIFIER = com.koddek.Storage;
				PRODUCT_NAME = "$(TARGET_NAME)";
				SUPPORTED_PLATFORMS = "iphoneos iphonesimulator";
				SUPPORTS_MACCATALYST = NO;
				SUPPORTS_MAC_DESIGNED_FOR_IPHONE_IPAD = NO;
				SUPPORTS_XR_DESIGNED_FOR_IPHONE_IPAD = NO;
				SWIFT_EMIT_LOC_STRINGS = YES;
				SWIFT_VERSION = 5.0;
				TARGETED_DEVICE_FAMILY = 1;
			};
			name = Release;
		};
/* End XCBuildConfiguration section */

/* Begin XCConfigurationList section */
		12CBFCAA2C052540008C0904 /* Build configuration list for PBXProject "Storage" */ = {
			isa = XCConfigurationList;
			buildConfigurations = (
				12CBFCC12C052541008C0904 /* Debug */,
				12CBFCC22C052541008C0904 /* Release */,
			);
			defaultConfigurationIsVisible = 0;
			defaultConfigurationName = Release;
		};
		12CBFCC32C052541008C0904 /* Build configuration list for PBXNativeTarget "Storage" */ = {
			isa = XCConfigurationList;
			buildConfigurations = (
				12CBFCC42C052541008C0904 /* Debug */,
				12CBFCC52C052541008C0904 /* Release */,
			);
			defaultConfigurationIsVisible = 0;
			defaultConfigurationName = Release;
		};
/* End XCConfigurationList section */
	};
	rootObject = 12CBFCA72C052540008C0904 /* Project object */;
}
